
Microsoft Visual Studio Solution File, Format Version 12.00
# Visual Studio Version 16
VisualStudioVersion = 16.0.30413.136
MinimumVisualStudioVersion = 10.0.40219.1
Project("{FAE04EC0-301F-11D3-BF4B-00C04F79EFBC}") = "Server.Services", "Server.Services\Server.Services.csproj", "{09635C9B-C85F-404E-B28E-4F985B426739}"
EndProject
Project("{FAE04EC0-301F-11D3-BF4B-00C04F79EFBC}") = "Server.Entities", "Server.Entities\Server.Entities.csproj", "{3DD34695-861D-4283-A8B6-706999364AB4}"
EndProject
Project("{FAE04EC0-301F-11D3-BF4B-00C04F79EFBC}") = "Server.Logic", "Server.Logic\Server.Logic.csproj", "{D0BC7DC5-8ED1-4218-95A0-EFCC1545D968}"
EndProject
Global
	GlobalSection(SolutionConfigurationPlatforms) = preSolution
		Debug|Any CPU = Debug|Any CPU
		Release|Any CPU = Release|Any CPU
	EndGlobalSection
	GlobalSection(ProjectConfigurationPlatforms) = postSolution
		{09635C9B-C85F-404E-B28E-4F985B426739}.Debug|Any CPU.ActiveCfg = Debug|Any CPU
		{09635C9B-C85F-404E-B28E-4F985B426739}.Debug|Any CPU.Build.0 = Debug|Any CPU
		{09635C9B-C85F-404E-B28E-4F985B426739}.Release|Any CPU.ActiveCfg = Release|Any CPU
		{09635C9B-C85F-404E-B28E-4F985B426739}.Release|Any CPU.Build.0 = Release|Any CPU
		{3DD34695-861D-4283-A8B6-706999364AB4}.Debug|Any CPU.ActiveCfg = Debug|Any CPU
		{3DD34695-861D-4283-A8B6-706999364AB4}.Debug|Any CPU.Build.0 = Debug|Any CPU
		{3DD34695-861D-4283-A8B6-706999364AB4}.Release|Any CPU.ActiveCfg = Release|Any CPU
		{3DD34695-861D-4283-A8B6-706999364AB4}.Release|Any CPU.Build.0 = Release|Any CPU
		{D0BC7DC5-8ED1-4218-95A0-EFCC1545D968}.Debug|Any CPU.ActiveCfg = Debug|Any CPU
		{D0BC7DC5-8ED1-4218-95A0-EFCC1545D968}.Debug|Any CPU.Build.0 = Debug|Any CPU
		{D0BC7DC5-8ED1-4218-95A0-EFCC1545D968}.Release|Any CPU.ActiveCfg = Release|Any CPU
		{D0BC7DC5-8ED1-4218-95A0-EFCC1545D968}.Release|Any CPU.Build.0 = Release|Any CPU
	EndGlobalSection
	GlobalSection(SolutionProperties) = preSolution
		HideSolutionNode = FALSE
	EndGlobalSection
	GlobalSection(ExtensibilityGlobals) = postSolution
		SolutionGuid = {B069D50F-3EAA-419E-92AB-B12C992CB2CD}
	EndGlobalSection
EndGlobal
